// !$*UTF8*$!
{
	archiveVersion = 1;
	classes = {
	};
	objectVersion = 56;
	objects = {

/* Begin PBXBuildFile section */
		C14BA7FB2B07EBAD00BC6199 /* PomodoroTimerViewModel.swift in Sources */ = {isa = PBXBuildFile; fileRef = C14BA7FA2B07EBAD00BC6199 /* PomodoroTimerViewModel.swift */; };
		C14BA7FD2B08183500BC6199 /* ProgressBar.swift in Sources */ = {isa = PBXBuildFile; fileRef = C14BA7FC2B08183500BC6199 /* ProgressBar.swift */; };
		C1C575DD2977210200E49982 /* PomodoroMenuBarApp.swift in Sources */ = {isa = PBXBuildFile; fileRef = C1C575DC2977210200E49982 /* PomodoroMenuBarApp.swift */; };
		C1C575E12977210300E49982 /* Assets.xcassets in Resources */ = {isa = PBXBuildFile; fileRef = C1C575E02977210300E49982 /* Assets.xcassets */; };
		C1C575E42977210300E49982 /* Preview Assets.xcassets in Resources */ = {isa = PBXBuildFile; fileRef = C1C575E32977210300E49982 /* Preview Assets.xcassets */; };
		C1C575ED297721FD00E49982 /* HomeView.swift in Sources */ = {isa = PBXBuildFile; fileRef = C1C575EC297721FD00E49982 /* HomeView.swift */; };
/* End PBXBuildFile section */

/* Begin PBXFileReference section */
		C14BA7FA2B07EBAD00BC6199 /* PomodoroTimerViewModel.swift */ = {isa = PBXFileReference; lastKnownFileType = sourcecode.swift; path = PomodoroTimerViewModel.swift; sourceTree = "<group>"; };
		C14BA7FC2B08183500BC6199 /* ProgressBar.swift */ = {isa = PBXFileReference; lastKnownFileType = sourcecode.swift; path = ProgressBar.swift; sourceTree = "<group>"; };
		C1C575D92977210200E49982 /* PomodoroMenuBar.app */ = {isa = PBXFileReference; explicitFileType = wrapper.application; includeInIndex = 0; path = PomodoroMenuBar.app; sourceTree = BUILT_PRODUCTS_DIR; };
		C1C575DC2977210200E49982 /* PomodoroMenuBarApp.swift */ = {isa = PBXFileReference; lastKnownFileType = sourcecode.swift; path = PomodoroMenuBarApp.swift; sourceTree = "<group>"; };
		C1C575E02977210300E49982 /* Assets.xcassets */ = {isa = PBXFileReference; lastKnownFileType = folder.assetcatalog; path = Assets.xcassets; sourceTree = "<group>"; };
		C1C575E32977210300E49982 /* Preview Assets.xcassets */ = {isa = PBXFileReference; lastKnownFileType = folder.assetcatalog; path = "Preview Assets.xcassets"; sourceTree = "<group>"; };
		C1C575E52977210300E49982 /* PomodoroMenuBar.entitlements */ = {isa = PBXFileReference; lastKnownFileType = text.plist.entitlements; path = PomodoroMenuBar.entitlements; sourceTree = "<group>"; };
		C1C575EC297721FD00E49982 /* HomeView.swift */ = {isa = PBXFileReference; lastKnownFileType = sourcecode.swift; path = HomeView.swift; sourceTree = "<group>"; };
/* End PBXFileReference section */

/* Begin PBXFrameworksBuildPhase section */
		C1C575D62977210200E49982 /* Frameworks */ = {
			isa = PBXFrameworksBuildPhase;
			buildActionMask = 2147483647;
			files = (
			);
			runOnlyForDeploymentPostprocessing = 0;
		};
/* End PBXFrameworksBuildPhase section */

/* Begin PBXGroup section */
		C14BA7F72B07AAC200BC6199 /* Helper Files */ = {
			isa = PBXGroup;
			children = (
				C1C575E32977210300E49982 /* Preview Assets.xcassets */,
				C1C575DC2977210200E49982 /* PomodoroMenuBarApp.swift */,
				C1C575E02977210300E49982 /* Assets.xcassets */,
			);
			name = "Helper Files";
			sourceTree = "<group>";
		};
		C14BA7F82B07AC0800BC6199 /* Preview Content */ = {
			isa = PBXGroup;
			children = (
				C1C575E52977210300E49982 /* PomodoroMenuBar.entitlements */,
			);
			path = "Preview Content";
			sourceTree = "<group>";
		};
		C14BA7F92B07EB3A00BC6199 /* ViewModel */ = {
			isa = PBXGroup;
			children = (
				C14BA7FA2B07EBAD00BC6199 /* PomodoroTimerViewModel.swift */,
			);
			path = ViewModel;
			sourceTree = "<group>";
		};
		C1C575D02977210200E49982 = {
			isa = PBXGroup;
			children = (
				C1C575DB2977210200E49982 /* PomodoroMenuBar */,
				C1C575DA2977210200E49982 /* Products */,
			);
			sourceTree = "<group>";
		};
		C1C575DA2977210200E49982 /* Products */ = {
			isa = PBXGroup;
			children = (
				C1C575D92977210200E49982 /* PomodoroMenuBar.app */,
			);
			name = Products;
			sourceTree = "<group>";
		};
		C1C575DB2977210200E49982 /* PomodoroMenuBar */ = {
			isa = PBXGroup;
			children = (
				C14BA7F82B07AC0800BC6199 /* Preview Content */,
				C14BA7F72B07AAC200BC6199 /* Helper Files */,
				C14BA7F92B07EB3A00BC6199 /* ViewModel */,
				C1C575EB297721EE00E49982 /* View */,
			);
			path = PomodoroMenuBar;
			sourceTree = "<group>";
		};
		C1C575EB297721EE00E49982 /* View */ = {
			isa = PBXGroup;
			children = (
				C1C575EC297721FD00E49982 /* HomeView.swift */,
				C14BA7FC2B08183500BC6199 /* ProgressBar.swift */,
			);
			path = View;
			sourceTree = "<group>";
		};
/* End PBXGroup section */

/* Begin PBXNativeTarget section */
		C1C575D82977210200E49982 /* PomodoroMenuBar */ = {
			isa = PBXNativeTarget;
			buildConfigurationList = C1C575E82977210300E49982 /* Build configuration list for PBXNativeTarget "PomodoroMenuBar" */;
			buildPhases = (
				C1C575D52977210200E49982 /* Sources */,
				C1C575D62977210200E49982 /* Frameworks */,
				C1C575D72977210200E49982 /* Resources */,
			);
			buildRules = (
			);
			dependencies = (
			);
			name = PomodoroMenuBar;
			productName = PomodoroMenuBar;
			productReference = C1C575D92977210200E49982 /* PomodoroMenuBar.app */;
			productType = "com.apple.product-type.application";
		};
/* End PBXNativeTarget section */

/* Begin PBXProject section */
		C1C575D12977210200E49982 /* Project object */ = {
			isa = PBXProject;
			attributes = {
				BuildIndependentTargetsInParallel = 1;
				LastSwiftUpdateCheck = 1410;
				LastUpgradeCheck = 1410;
				TargetAttributes = {
					C1C575D82977210200E49982 = {
						CreatedOnToolsVersion = 14.1;
					};
				};
			};
			buildConfigurationList = C1C575D42977210200E49982 /* Build configuration list for PBXProject "PomodoroMenuBar" */;
			compatibilityVersion = "Xcode 14.0";
			developmentRegion = en;
			hasScannedForEncodings = 0;
			knownRegions = (
				en,
				Base,
			);
			mainGroup = C1C575D02977210200E49982;
			productRefGroup = C1C575DA2977210200E49982 /* Products */;
			projectDirPath = "";
			projectRoot = "";
			targets = (
				C1C575D82977210200E49982 /* PomodoroMenuBar */,
			);
		};
/* End PBXProject section */

/* Begin PBXResourcesBuildPhase section */
		C1C575D72977210200E49982 /* Resources */ = {
			isa = PBXResourcesBuildPhase;
			buildActionMask = 2147483647;
			files = (
				C1C575E42977210300E49982 /* Preview Assets.xcassets in Resources */,
				C1C575E12977210300E49982 /* Assets.xcassets in Resources */,
			);
			runOnlyForDeploymentPostprocessing = 0;
		};
/* End PBXResourcesBuildPhase section */

/* Begin PBXSourcesBuildPhase section */
		C1C575D52977210200E49982 /* Sources */ = {
			isa = PBXSourcesBuildPhase;
			buildActionMask = 2147483647;
			files = (
				C14BA7FB2B07EBAD00BC6199 /* PomodoroTimerViewModel.swift in Sources */,
				C1C575ED297721FD00E49982 /* HomeView.swift in Sources */,
				C14BA7FD2B08183500BC6199 /* ProgressBar.swift in Sources */,
				C1C575DD2977210200E49982 /* PomodoroMenuBarApp.swift in Sources */,
			);
			runOnlyForDeploymentPostprocessing = 0;
		};
/* End PBXSourcesBuildPhase section */

/* Begin XCBuildConfiguration section */
		C1C575E62977210300E49982 /* Debug */ = {
			isa = XCBuildConfiguration;
			buildSettings = {
				ALWAYS_SEARCH_USER_PATHS = NO;
				CLANG_ANALYZER_NONNULL = YES;
				CLANG_ANALYZER_NUMBER_OBJECT_CONVERSION = YES_AGGRESSIVE;
				CLANG_CXX_LANGUAGE_STANDARD = "gnu++20";
				CLANG_ENABLE_MODULES = YES;
				CLANG_ENABLE_OBJC_ARC = YES;
				CLANG_ENABLE_OBJC_WEAK = YES;
				CLANG_WARN_BLOCK_CAPTURE_AUTORELEASING = YES;
				CLANG_WARN_BOOL_CONVERSION = YES;
				CLANG_WARN_COMMA = YES;
				CLANG_WARN_CONSTANT_CONVERSION = YES;
				CLANG_WARN_DEPRECATED_OBJC_IMPLEMENTATIONS = YES;
				CLANG_WARN_DIRECT_OBJC_ISA_USAGE = YES_ERROR;
				CLANG_WARN_DOCUMENTATION_COMMENTS = YES;
				CLANG_WARN_EMPTY_BODY = YES;
				CLANG_WARN_ENUM_CONVERSION = YES;
				CLANG_WARN_INFINITE_RECURSION = YES;
				CLANG_WARN_INT_CONVERSION = YES;
				CLANG_WARN_NON_LITERAL_NULL_CONVERSION = YES;
				CLANG_WARN_OBJC_IMPLICIT_RETAIN_SELF = YES;
				CLANG_WARN_OBJC_LITERAL_CONVERSION = YES;
				CLANG_WARN_OBJC_ROOT_CLASS = YES_ERROR;
				CLANG_WARN_QUOTED_INCLUDE_IN_FRAMEWORK_HEADER = YES;
				CLANG_WARN_RANGE_LOOP_ANALYSIS = YES;
				CLANG_WARN_STRICT_PROTOTYPES = YES;
				CLANG_WARN_SUSPICIOUS_MOVE = YES;
				CLANG_WARN_UNGUARDED_AVAILABILITY = YES_AGGRESSIVE;
				CLANG_WARN_UNREACHABLE_CODE = YES;
				CLANG_WARN__DUPLICATE_METHOD_MATCH = YES;
				COPY_PHASE_STRIP = NO;
				DEBUG_INFORMATION_FORMAT = dwarf;
				ENABLE_STRICT_OBJC_MSGSEND = YES;
				ENABLE_TESTABILITY = YES;
				GCC_C_LANGUAGE_STANDARD = gnu11;
				GCC_DYNAMIC_NO_PIC = NO;
				GCC_NO_COMMON_BLOCKS = YES;
				GCC_OPTIMIZATION_LEVEL = 0;
				GCC_PREPROCESSOR_DEFINITIONS = (
					"DEBUG=1",
					"$(inherited)",
				);
				GCC_WARN_64_TO_32_BIT_CONVERSION = YES;
				GCC_WARN_ABOUT_RETURN_TYPE = YES_ERROR;
				GCC_WARN_UNDECLARED_SELECTOR = YES;
				GCC_WARN_UNINITIALIZED_AUTOS = YES_AGGRESSIVE;
				GCC_WARN_UNUSED_FUNCTION = YES;
				GCC_WARN_UNUSED_VARIABLE = YES;
				MACOSX_DEPLOYMENT_TARGET = 13.0;
				MTL_ENABLE_DEBUG_INFO = INCLUDE_SOURCE;
				MTL_FAST_MATH = YES;
				ONLY_ACTIVE_ARCH = YES;
				SDKROOT = macosx;
				SWIFT_ACTIVE_COMPILATION_CONDITIONS = DEBUG;
				SWIFT_OPTIMIZATION_LEVEL = "-Onone";
			};
			name = Debug;
		};
		C1C575E72977210300E49982 /* Release */ = {
			isa = XCBuildConfiguration;
			buildSettings = {
				ALWAYS_SEARCH_USER_PATHS = NO;
				CLANG_ANALYZER_NONNULL = YES;
				CLANG_ANALYZER_NUMBER_OBJECT_CONVERSION = YES_AGGRESSIVE;
				CLANG_CXX_LANGUAGE_STANDARD = "gnu++20";
				CLANG_ENABLE_MODULES = YES;
				CLANG_ENABLE_OBJC_ARC = YES;
				CLANG_ENABLE_OBJC_WEAK = YES;
				CLANG_WARN_BLOCK_CAPTURE_AUTORELEASING = YES;
				CLANG_WARN_BOOL_CONVERSION = YES;
				CLANG_WARN_COMMA = YES;
				CLANG_WARN_CONSTANT_CONVERSION = YES;
				CLANG_WARN_DEPRECATED_OBJC_IMPLEMENTATIONS = YES;
				CLANG_WARN_DIRECT_OBJC_ISA_USAGE = YES_ERROR;
				CLANG_WARN_DOCUMENTATION_COMMENTS = YES;
				CLANG_WARN_EMPTY_BODY = YES;
				CLANG_WARN_ENUM_CONVERSION = YES;
				CLANG_WARN_INFINITE_RECURSION = YES;
				CLANG_WARN_INT_CONVERSION = YES;
				CLANG_WARN_NON_LITERAL_NULL_CONVERSION = YES;
				CLANG_WARN_OBJC_IMPLICIT_RETAIN_SELF = YES;
				CLANG_WARN_OBJC_LITERAL_CONVERSION = YES;
				CLANG_WARN_OBJC_ROOT_CLASS = YES_ERROR;
				CLANG_WARN_QUOTED_INCLUDE_IN_FRAMEWORK_HEADER = YES;
				CLANG_WARN_RANGE_LOOP_ANALYSIS = YES;
				CLANG_WARN_STRICT_PROTOTYPES = YES;
				CLANG_WARN_SUSPICIOUS_MOVE = YES;
				CLANG_WARN_UNGUARDED_AVAILABILITY = YES_AGGRESSIVE;
				CLANG_WARN_UNREACHABLE_CODE = YES;
				CLANG_WARN__DUPLICATE_METHOD_MATCH = YES;
				COPY_PHASE_STRIP = NO;
				DEBUG_INFORMATION_FORMAT = "dwarf-with-dsym";
				ENABLE_NS_ASSERTIONS = NO;
				ENABLE_STRICT_OBJC_MSGSEND = YES;
				GCC_C_LANGUAGE_STANDARD = gnu11;
				GCC_NO_COMMON_BLOCKS = YES;
				GCC_WARN_64_TO_32_BIT_CONVERSION = YES;
				GCC_WARN_ABOUT_RETURN_TYPE = YES_ERROR;
				GCC_WARN_UNDECLARED_SELECTOR = YES;
				GCC_WARN_UNINITIALIZED_AUTOS = YES_AGGRESSIVE;
				GCC_WARN_UNUSED_FUNCTION = YES;
				GCC_WARN_UNUSED_VARIABLE = YES;
				MACOSX_DEPLOYMENT_TARGET = 13.0;
				MTL_ENABLE_DEBUG_INFO = NO;
				MTL_FAST_MATH = YES;
				SDKROOT = macosx;
				SWIFT_COMPILATION_MODE = wholemodule;
				SWIFT_OPTIMIZATION_LEVEL = "-O";
			};
			name = Release;
		};
		C1C575E92977210300E49982 /* Debug */ = {
			isa = XCBuildConfiguration;
			buildSettings = {
				ASSETCATALOG_COMPILER_APPICON_NAME = AppIcon;
				ASSETCATALOG_COMPILER_GLOBAL_ACCENT_COLOR_NAME = AccentColor;
				CODE_SIGN_ENTITLEMENTS = "PomodoroMenuBar/Preview Content/PomodoroMenuBar.entitlements";
				"CODE_SIGN_IDENTITY[sdk=macosx*]" = "Apple Development";
				CODE_SIGN_STYLE = Automatic;
				COMBINE_HIDPI_IMAGES = YES;
				CURRENT_PROJECT_VERSION = 1;
				DEVELOPMENT_ASSET_PATHS = "\"PomodoroMenuBar/Preview Content\"";
				DEVELOPMENT_TEAM = NX5WVK23N8;
				ENABLE_HARDENED_RUNTIME = YES;
				ENABLE_PREVIEWS = YES;
				GENERATE_INFOPLIST_FILE = YES;
				INFOPLIST_KEY_LSUIElement = YES;
				INFOPLIST_KEY_NSHumanReadableCopyright = "";
				LD_RUNPATH_SEARCH_PATHS = (
					"$(inherited)",
					"@executable_path/../Frameworks",
				);
				MARKETING_VERSION = 1.0;
				PRODUCT_BUNDLE_IDENTIFIER = com.yigithansonmez.PomodoroMenuBar;
				PRODUCT_NAME = "$(TARGET_NAME)";
				SWIFT_EMIT_LOC_STRINGS = YES;
				SWIFT_VERSION = 5.0;
			};
			name = Debug;
		};
		C1C575EA2977210300E49982 /* Release */ = {
			isa = XCBuildConfiguration;
			buildSettings = {
				ASSETCATALOG_COMPILER_APPICON_NAME = AppIcon;
				ASSETCATALOG_COMPILER_GLOBAL_ACCENT_COLOR_NAME = AccentColor;
				CODE_SIGN_ENTITLEMENTS = "PomodoroMenuBar/Preview Content/PomodoroMenuBar.entitlements";
				"CODE_SIGN_IDENTITY[sdk=macosx*]" = "Apple Development";
				CODE_SIGN_STYLE = Automatic;
				COMBINE_HIDPI_IMAGES = YES;
				CURRENT_PROJECT_VERSION = 1;
				DEVELOPMENT_ASSET_PATHS = "\"PomodoroMenuBar/Preview Content\"";
				DEVELOPMENT_TEAM = NX5WVK23N8;
				ENABLE_HARDENED_RUNTIME = YES;
				ENABLE_PREVIEWS = YES;
				GENERATE_INFOPLIST_FILE = YES;
				INFOPLIST_KEY_LSUIElement = YES;
				INFOPLIST_KEY_NSHumanReadableCopyright = "";
				LD_RUNPATH_SEARCH_PATHS = (
					"$(inherited)",
					"@executable_path/../Frameworks",
				);
				MARKETING_VERSION = 1.0;
				PRODUCT_BUNDLE_IDENTIFIER = com.yigithansonmez.PomodoroMenuBar;
				PRODUCT_NAME = "$(TARGET_NAME)";
				SWIFT_EMIT_LOC_STRINGS = YES;
				SWIFT_VERSION = 5.0;
			};
			name = Release;
		};
/* End XCBuildConfiguration section */

/* Begin XCConfigurationList section */
		C1C575D42977210200E49982 /* Build configuration list for PBXProject "PomodoroMenuBar" */ = {
			isa = XCConfigurationList;
			buildConfigurations = (
				C1C575E62977210300E49982 /* Debug */,
				C1C575E72977210300E49982 /* Release */,
			);
			defaultConfigurationIsVisible = 0;
			defaultConfigurationName = Release;
		};
		C1C575E82977210300E49982 /* Build configuration list for PBXNativeTarget "PomodoroMenuBar" */ = {
			isa = XCConfigurationList;
			buildConfigurations = (
				C1C575E92977210300E49982 /* Debug */,
				C1C575EA2977210300E49982 /* Release */,
			);
			defaultConfigurationIsVisible = 0;
			defaultConfigurationName = Release;
		};
/* End XCConfigurationList section */
	};
	rootObject = C1C575D12977210200E49982 /* Project object */;
}
